// !$*UTF8*$!
{
	archiveVersion = 1;
	classes = {
	};
	objectVersion = 46;
	objects = {

/* Begin PBXBuildFile section */
		B8E33F591FAB92F200C6616B /* AppDelegate.swift in Sources */ = {isa = PBXBuildFile; fileRef = B8E33F581FAB92F200C6616B /* AppDelegate.swift */; };
		B8E33F5B1FAB92F200C6616B /* ViewController.swift in Sources */ = {isa = PBXBuildFile; fileRef = B8E33F5A1FAB92F200C6616B /* ViewController.swift */; };
		B8E33F5E1FAB92F200C6616B /* Main.storyboard in Resources */ = {isa = PBXBuildFile; fileRef = B8E33F5C1FAB92F200C6616B /* Main.storyboard */; };
		B8E33F601FAB92F200C6616B /* Assets.xcassets in Resources */ = {isa = PBXBuildFile; fileRef = B8E33F5F1FAB92F200C6616B /* Assets.xcassets */; };
		B8E33F631FAB92F200C6616B /* LaunchScreen.storyboard in Resources */ = {isa = PBXBuildFile; fileRef = B8E33F611FAB92F200C6616B /* LaunchScreen.storyboard */; };
		B8E33F6E1FAB92F200C6616B /* Tokopedia_Search_FilterTests.swift in Sources */ = {isa = PBXBuildFile; fileRef = B8E33F6D1FAB92F200C6616B /* Tokopedia_Search_FilterTests.swift */; };
		B8E33F791FAB92F200C6616B /* Tokopedia_Search_FilterUITests.swift in Sources */ = {isa = PBXBuildFile; fileRef = B8E33F781FAB92F200C6616B /* Tokopedia_Search_FilterUITests.swift */; };
		B8E33F871FAB956900C6616B /* SearchViewController.swift in Sources */ = {isa = PBXBuildFile; fileRef = B8E33F861FAB956900C6616B /* SearchViewController.swift */; };
		B8E33F891FAB984E00C6616B /* SearchCollectionViewLayout.swift in Sources */ = {isa = PBXBuildFile; fileRef = B8E33F881FAB984E00C6616B /* SearchCollectionViewLayout.swift */; };
		B8E33F8B1FAB996900C6616B /* SearchCollectionViewCell.swift in Sources */ = {isa = PBXBuildFile; fileRef = B8E33F8A1FAB996900C6616B /* SearchCollectionViewCell.swift */; };
		B8E33F8E1FABA37F00C6616B /* TokopediaProductManager.swift in Sources */ = {isa = PBXBuildFile; fileRef = B8E33F8D1FABA37F00C6616B /* TokopediaProductManager.swift */; };
		B8E33F901FABA38C00C6616B /* TokopediaProduct.swift in Sources */ = {isa = PBXBuildFile; fileRef = B8E33F8F1FABA38C00C6616B /* TokopediaProduct.swift */; };
		B8E33F921FABA3A100C6616B /* HTTPManager.swift in Sources */ = {isa = PBXBuildFile; fileRef = B8E33F911FABA3A100C6616B /* HTTPManager.swift */; };
/* End PBXBuildFile section */

/* Begin PBXContainerItemProxy section */
		B8E33F6A1FAB92F200C6616B /* PBXContainerItemProxy */ = {
			isa = PBXContainerItemProxy;
			containerPortal = B8E33F4D1FAB92F200C6616B /* Project object */;
			proxyType = 1;
			remoteGlobalIDString = B8E33F541FAB92F200C6616B;
			remoteInfo = "Tokopedia Search Filter";
		};
		B8E33F751FAB92F200C6616B /* PBXContainerItemProxy */ = {
			isa = PBXContainerItemProxy;
			containerPortal = B8E33F4D1FAB92F200C6616B /* Project object */;
			proxyType = 1;
			remoteGlobalIDString = B8E33F541FAB92F200C6616B;
			remoteInfo = "Tokopedia Search Filter";
		};
/* End PBXContainerItemProxy section */

/* Begin PBXFileReference section */
		B8E33F551FAB92F200C6616B /* Tokopedia Search Filter.app */ = {isa = PBXFileReference; explicitFileType = wrapper.application; includeInIndex = 0; path = "Tokopedia Search Filter.app"; sourceTree = BUILT_PRODUCTS_DIR; };
		B8E33F581FAB92F200C6616B /* AppDelegate.swift */ = {isa = PBXFileReference; lastKnownFileType = sourcecode.swift; path = AppDelegate.swift; sourceTree = "<group>"; };
		B8E33F5A1FAB92F200C6616B /* ViewController.swift */ = {isa = PBXFileReference; lastKnownFileType = sourcecode.swift; path = ViewController.swift; sourceTree = "<group>"; };
		B8E33F5D1FAB92F200C6616B /* Base */ = {isa = PBXFileReference; lastKnownFileType = file.storyboard; name = Base; path = Base.lproj/Main.storyboard; sourceTree = "<group>"; };
		B8E33F5F1FAB92F200C6616B /* Assets.xcassets */ = {isa = PBXFileReference; lastKnownFileType = folder.assetcatalog; path = Assets.xcassets; sourceTree = "<group>"; };
		B8E33F621FAB92F200C6616B /* Base */ = {isa = PBXFileReference; lastKnownFileType = file.storyboard; name = Base; path = Base.lproj/LaunchScreen.storyboard; sourceTree = "<group>"; };
		B8E33F641FAB92F200C6616B /* Info.plist */ = {isa = PBXFileReference; lastKnownFileType = text.plist.xml; path = Info.plist; sourceTree = "<group>"; };
		B8E33F691FAB92F200C6616B /* Tokopedia Search FilterTests.xctest */ = {isa = PBXFileReference; explicitFileType = wrapper.cfbundle; includeInIndex = 0; path = "Tokopedia Search FilterTests.xctest"; sourceTree = BUILT_PRODUCTS_DIR; };
		B8E33F6D1FAB92F200C6616B /* Tokopedia_Search_FilterTests.swift */ = {isa = PBXFileReference; lastKnownFileType = sourcecode.swift; path = Tokopedia_Search_FilterTests.swift; sourceTree = "<group>"; };
		B8E33F6F1FAB92F200C6616B /* Info.plist */ = {isa = PBXFileReference; lastKnownFileType = text.plist.xml; path = Info.plist; sourceTree = "<group>"; };
		B8E33F741FAB92F200C6616B /* Tokopedia Search FilterUITests.xctest */ = {isa = PBXFileReference; explicitFileType = wrapper.cfbundle; includeInIndex = 0; path = "Tokopedia Search FilterUITests.xctest"; sourceTree = BUILT_PRODUCTS_DIR; };
		B8E33F781FAB92F200C6616B /* Tokopedia_Search_FilterUITests.swift */ = {isa = PBXFileReference; lastKnownFileType = sourcecode.swift; path = Tokopedia_Search_FilterUITests.swift; sourceTree = "<group>"; };
		B8E33F7A1FAB92F200C6616B /* Info.plist */ = {isa = PBXFileReference; lastKnownFileType = text.plist.xml; path = Info.plist; sourceTree = "<group>"; };
		B8E33F861FAB956900C6616B /* SearchViewController.swift */ = {isa = PBXFileReference; fileEncoding = 4; lastKnownFileType = sourcecode.swift; path = SearchViewController.swift; sourceTree = "<group>"; };
		B8E33F881FAB984E00C6616B /* SearchCollectionViewLayout.swift */ = {isa = PBXFileReference; fileEncoding = 4; lastKnownFileType = sourcecode.swift; path = SearchCollectionViewLayout.swift; sourceTree = "<group>"; };
		B8E33F8A1FAB996900C6616B /* SearchCollectionViewCell.swift */ = {isa = PBXFileReference; fileEncoding = 4; lastKnownFileType = sourcecode.swift; path = SearchCollectionViewCell.swift; sourceTree = "<group>"; };
		B8E33F8D1FABA37F00C6616B /* TokopediaProductManager.swift */ = {isa = PBXFileReference; fileEncoding = 4; lastKnownFileType = sourcecode.swift; name = TokopediaProductManager.swift; path = "Tokopedia Search Filter/TokopediaProductManager.swift"; sourceTree = "<group>"; };
		B8E33F8F1FABA38C00C6616B /* TokopediaProduct.swift */ = {isa = PBXFileReference; fileEncoding = 4; lastKnownFileType = sourcecode.swift; path = TokopediaProduct.swift; sourceTree = "<group>"; };
		B8E33F911FABA3A100C6616B /* HTTPManager.swift */ = {isa = PBXFileReference; fileEncoding = 4; lastKnownFileType = sourcecode.swift; path = HTTPManager.swift; sourceTree = "<group>"; };
/* End PBXFileReference section */

/* Begin PBXFrameworksBuildPhase section */
		B8E33F521FAB92F200C6616B /* Frameworks */ = {
			isa = PBXFrameworksBuildPhase;
			buildActionMask = 2147483647;
			files = (
			);
			runOnlyForDeploymentPostprocessing = 0;
		};
		B8E33F661FAB92F200C6616B /* Frameworks */ = {
			isa = PBXFrameworksBuildPhase;
			buildActionMask = 2147483647;
			files = (
			);
			runOnlyForDeploymentPostprocessing = 0;
		};
		B8E33F711FAB92F200C6616B /* Frameworks */ = {
			isa = PBXFrameworksBuildPhase;
			buildActionMask = 2147483647;
			files = (
			);
			runOnlyForDeploymentPostprocessing = 0;
		};
/* End PBXFrameworksBuildPhase section */

/* Begin PBXGroup section */
		B8E33F4C1FAB92F200C6616B = {
			isa = PBXGroup;
			children = (
				B8E33F8D1FABA37F00C6616B /* TokopediaProductManager.swift */,
				B8E33F8F1FABA38C00C6616B /* TokopediaProduct.swift */,
				B8E33F911FABA3A100C6616B /* HTTPManager.swift */,
				B8E33F571FAB92F200C6616B /* Tokopedia Search Filter */,
				B8E33F6C1FAB92F200C6616B /* Tokopedia Search FilterTests */,
				B8E33F771FAB92F200C6616B /* Tokopedia Search FilterUITests */,
				B8E33F561FAB92F200C6616B /* Products */,
			);
			sourceTree = "<group>";
		};
		B8E33F561FAB92F200C6616B /* Products */ = {
			isa = PBXGroup;
			children = (
				B8E33F551FAB92F200C6616B /* Tokopedia Search Filter.app */,
				B8E33F691FAB92F200C6616B /* Tokopedia Search FilterTests.xctest */,
				B8E33F741FAB92F200C6616B /* Tokopedia Search FilterUITests.xctest */,
			);
			name = Products;
			sourceTree = "<group>";
		};
		B8E33F571FAB92F200C6616B /* Tokopedia Search Filter */ = {
			isa = PBXGroup;
			children = (
				B8E33F581FAB92F200C6616B /* AppDelegate.swift */,
				B8E33F5A1FAB92F200C6616B /* ViewController.swift */,
				B8E33F8C1FABA2B000C6616B /* Search */,
				B8E33F5C1FAB92F200C6616B /* Main.storyboard */,
				B8E33F5F1FAB92F200C6616B /* Assets.xcassets */,
				B8E33F611FAB92F200C6616B /* LaunchScreen.storyboard */,
				B8E33F641FAB92F200C6616B /* Info.plist */,
			);
			path = "Tokopedia Search Filter";
			sourceTree = "<group>";
		};
		B8E33F6C1FAB92F200C6616B /* Tokopedia Search FilterTests */ = {
			isa = PBXGroup;
			children = (
				B8E33F6D1FAB92F200C6616B /* Tokopedia_Search_FilterTests.swift */,
				B8E33F6F1FAB92F200C6616B /* Info.plist */,
			);
			path = "Tokopedia Search FilterTests";
			sourceTree = "<group>";
		};
		B8E33F771FAB92F200C6616B /* Tokopedia Search FilterUITests */ = {
			isa = PBXGroup;
			children = (
				B8E33F781FAB92F200C6616B /* Tokopedia_Search_FilterUITests.swift */,
				B8E33F7A1FAB92F200C6616B /* Info.plist */,
			);
			path = "Tokopedia Search FilterUITests";
			sourceTree = "<group>";
		};
		B8E33F8C1FABA2B000C6616B /* Search */ = {
			isa = PBXGroup;
			children = (
				B8E33F861FAB956900C6616B /* SearchViewController.swift */,
				B8E33F881FAB984E00C6616B /* SearchCollectionViewLayout.swift */,
				B8E33F8A1FAB996900C6616B /* SearchCollectionViewCell.swift */,
			);
			name = Search;
			sourceTree = "<group>";
		};
/* End PBXGroup section */

/* Begin PBXNativeTarget section */
		B8E33F541FAB92F200C6616B /* Tokopedia Search Filter */ = {
			isa = PBXNativeTarget;
			buildConfigurationList = B8E33F7D1FAB92F200C6616B /* Build configuration list for PBXNativeTarget "Tokopedia Search Filter" */;
			buildPhases = (
				B8E33F511FAB92F200C6616B /* Sources */,
				B8E33F521FAB92F200C6616B /* Frameworks */,
				B8E33F531FAB92F200C6616B /* Resources */,
			);
			buildRules = (
			);
			dependencies = (
			);
			name = "Tokopedia Search Filter";
			productName = "Tokopedia Search Filter";
			productReference = B8E33F551FAB92F200C6616B /* Tokopedia Search Filter.app */;
			productType = "com.apple.product-type.application";
		};
		B8E33F681FAB92F200C6616B /* Tokopedia Search FilterTests */ = {
			isa = PBXNativeTarget;
			buildConfigurationList = B8E33F801FAB92F200C6616B /* Build configuration list for PBXNativeTarget "Tokopedia Search FilterTests" */;
			buildPhases = (
				B8E33F651FAB92F200C6616B /* Sources */,
				B8E33F661FAB92F200C6616B /* Frameworks */,
				B8E33F671FAB92F200C6616B /* Resources */,
			);
			buildRules = (
			);
			dependencies = (
				B8E33F6B1FAB92F200C6616B /* PBXTargetDependency */,
			);
			name = "Tokopedia Search FilterTests";
			productName = "Tokopedia Search FilterTests";
			productReference = B8E33F691FAB92F200C6616B /* Tokopedia Search FilterTests.xctest */;
			productType = "com.apple.product-type.bundle.unit-test";
		};
		B8E33F731FAB92F200C6616B /* Tokopedia Search FilterUITests */ = {
			isa = PBXNativeTarget;
			buildConfigurationList = B8E33F831FAB92F200C6616B /* Build configuration list for PBXNativeTarget "Tokopedia Search FilterUITests" */;
			buildPhases = (
				B8E33F701FAB92F200C6616B /* Sources */,
				B8E33F711FAB92F200C6616B /* Frameworks */,
				B8E33F721FAB92F200C6616B /* Resources */,
			);
			buildRules = (
			);
			dependencies = (
				B8E33F761FAB92F200C6616B /* PBXTargetDependency */,
			);
			name = "Tokopedia Search FilterUITests";
			productName = "Tokopedia Search FilterUITests";
			productReference = B8E33F741FAB92F200C6616B /* Tokopedia Search FilterUITests.xctest */;
			productType = "com.apple.product-type.bundle.ui-testing";
		};
/* End PBXNativeTarget section */

/* Begin PBXProject section */
		B8E33F4D1FAB92F200C6616B /* Project object */ = {
			isa = PBXProject;
			attributes = {
				LastSwiftUpdateCheck = 0830;
				LastUpgradeCheck = 0830;
				ORGANIZATIONNAME = "Hans Arijanto";
				TargetAttributes = {
					B8E33F541FAB92F200C6616B = {
						CreatedOnToolsVersion = 8.3.3;
						DevelopmentTeam = 3MB236BUTU;
						ProvisioningStyle = Automatic;
					};
					B8E33F681FAB92F200C6616B = {
						CreatedOnToolsVersion = 8.3.3;
						DevelopmentTeam = 3MB236BUTU;
						ProvisioningStyle = Automatic;
						TestTargetID = B8E33F541FAB92F200C6616B;
					};
					B8E33F731FAB92F200C6616B = {
						CreatedOnToolsVersion = 8.3.3;
						DevelopmentTeam = 3MB236BUTU;
						ProvisioningStyle = Automatic;
						TestTargetID = B8E33F541FAB92F200C6616B;
					};
				};
			};
			buildConfigurationList = B8E33F501FAB92F200C6616B /* Build configuration list for PBXProject "Tokopedia Search Filter" */;
			compatibilityVersion = "Xcode 3.2";
			developmentRegion = English;
			hasScannedForEncodings = 0;
			knownRegions = (
				en,
				Base,
			);
			mainGroup = B8E33F4C1FAB92F200C6616B;
			productRefGroup = B8E33F561FAB92F200C6616B /* Products */;
			projectDirPath = "";
			projectRoot = "";
			targets = (
				B8E33F541FAB92F200C6616B /* Tokopedia Search Filter */,
				B8E33F681FAB92F200C6616B /* Tokopedia Search FilterTests */,
				B8E33F731FAB92F200C6616B /* Tokopedia Search FilterUITests */,
			);
		};
/* End PBXProject section */

/* Begin PBXResourcesBuildPhase section */
		B8E33F531FAB92F200C6616B /* Resources */ = {
			isa = PBXResourcesBuildPhase;
			buildActionMask = 2147483647;
			files = (
				B8E33F631FAB92F200C6616B /* LaunchScreen.storyboard in Resources */,
				B8E33F601FAB92F200C6616B /* Assets.xcassets in Resources */,
				B8E33F5E1FAB92F200C6616B /* Main.storyboard in Resources */,
			);
			runOnlyForDeploymentPostprocessing = 0;
		};
		B8E33F671FAB92F200C6616B /* Resources */ = {
			isa = PBXResourcesBuildPhase;
			buildActionMask = 2147483647;
			files = (
			);
			runOnlyForDeploymentPostprocessing = 0;
		};
		B8E33F721FAB92F200C6616B /* Resources */ = {
			isa = PBXResourcesBuildPhase;
			buildActionMask = 2147483647;
			files = (
			);
			runOnlyForDeploymentPostprocessing = 0;
		};
/* End PBXResourcesBuildPhase section */

/* Begin PBXSourcesBuildPhase section */
		B8E33F511FAB92F200C6616B /* Sources */ = {
			isa = PBXSourcesBuildPhase;
			buildActionMask = 2147483647;
			files = (
				B8E33F8E1FABA37F00C6616B /* TokopediaProductManager.swift in Sources */,
				B8E33F891FAB984E00C6616B /* SearchCollectionViewLayout.swift in Sources */,
				B8E33F871FAB956900C6616B /* SearchViewController.swift in Sources */,
				B8E33F5B1FAB92F200C6616B /* ViewController.swift in Sources */,
				B8E33F901FABA38C00C6616B /* TokopediaProduct.swift in Sources */,
				B8E33F591FAB92F200C6616B /* AppDelegate.swift in Sources */,
				B8E33F8B1FAB996900C6616B /* SearchCollectionViewCell.swift in Sources */,
				B8E33F921FABA3A100C6616B /* HTTPManager.swift in Sources */,
			);
			runOnlyForDeploymentPostprocessing = 0;
		};
		B8E33F651FAB92F200C6616B /* Sources */ = {
			isa = PBXSourcesBuildPhase;
			buildActionMask = 2147483647;
			files = (
				B8E33F6E1FAB92F200C6616B /* Tokopedia_Search_FilterTests.swift in Sources */,
			);
			runOnlyForDeploymentPostprocessing = 0;
		};
		B8E33F701FAB92F200C6616B /* Sources */ = {
			isa = PBXSourcesBuildPhase;
			buildActionMask = 2147483647;
			files = (
				B8E33F791FAB92F200C6616B /* Tokopedia_Search_FilterUITests.swift in Sources */,
			);
			runOnlyForDeploymentPostprocessing = 0;
		};
/* End PBXSourcesBuildPhase section */

/* Begin PBXTargetDependency section */
		B8E33F6B1FAB92F200C6616B /* PBXTargetDependency */ = {
			isa = PBXTargetDependency;
			target = B8E33F541FAB92F200C6616B /* Tokopedia Search Filter */;
			targetProxy = B8E33F6A1FAB92F200C6616B /* PBXContainerItemProxy */;
		};
		B8E33F761FAB92F200C6616B /* PBXTargetDependency */ = {
			isa = PBXTargetDependency;
			target = B8E33F541FAB92F200C6616B /* Tokopedia Search Filter */;
			targetProxy = B8E33F751FAB92F200C6616B /* PBXContainerItemProxy */;
		};
/* End PBXTargetDependency section */

/* Begin PBXVariantGroup section */
		B8E33F5C1FAB92F200C6616B /* Main.storyboard */ = {
			isa = PBXVariantGroup;
			children = (
				B8E33F5D1FAB92F200C6616B /* Base */,
			);
			name = Main.storyboard;
			sourceTree = "<group>";
		};
		B8E33F611FAB92F200C6616B /* LaunchScreen.storyboard */ = {
			isa = PBXVariantGroup;
			children = (
				B8E33F621FAB92F200C6616B /* Base */,
			);
			name = LaunchScreen.storyboard;
			sourceTree = "<group>";
		};
/* End PBXVariantGroup section */

/* Begin XCBuildConfiguration section */
		B8E33F7B1FAB92F200C6616B /* Debug */ = {
			isa = XCBuildConfiguration;
			buildSettings = {
				ALWAYS_SEARCH_USER_PATHS = NO;
				CLANG_ANALYZER_NONNULL = YES;
				CLANG_ANALYZER_NUMBER_OBJECT_CONVERSION = YES_AGGRESSIVE;
				CLANG_CXX_LANGUAGE_STANDARD = "gnu++0x";
				CLANG_CXX_LIBRARY = "libc++";
				CLANG_ENABLE_MODULES = YES;
				CLANG_ENABLE_OBJC_ARC = YES;
				CLANG_WARN_BOOL_CONVERSION = YES;
				CLANG_WARN_CONSTANT_CONVERSION = YES;
				CLANG_WARN_DIRECT_OBJC_ISA_USAGE = YES_ERROR;
				CLANG_WARN_DOCUMENTATION_COMMENTS = YES;
				CLANG_WARN_EMPTY_BODY = YES;
				CLANG_WARN_ENUM_CONVERSION = YES;
				CLANG_WARN_INFINITE_RECURSION = YES;
				CLANG_WARN_INT_CONVERSION = YES;
				CLANG_WARN_OBJC_ROOT_CLASS = YES_ERROR;
				CLANG_WARN_SUSPICIOUS_MOVE = YES;
				CLANG_WARN_UNREACHABLE_CODE = YES;
				CLANG_WARN__DUPLICATE_METHOD_MATCH = YES;
				"CODE_SIGN_IDENTITY[sdk=iphoneos*]" = "iPhone Developer";
				COPY_PHASE_STRIP = NO;
				DEBUG_INFORMATION_FORMAT = dwarf;
				ENABLE_STRICT_OBJC_MSGSEND = YES;
				ENABLE_TESTABILITY = YES;
				GCC_C_LANGUAGE_STANDARD = gnu99;
				GCC_DYNAMIC_NO_PIC = NO;
				GCC_NO_COMMON_BLOCKS = YES;
				GCC_OPTIMIZATION_LEVEL = 0;
				GCC_PREPROCESSOR_DEFINITIONS = (
					"DEBUG=1",
					"$(inherited)",
				);
				GCC_WARN_64_TO_32_BIT_CONVERSION = YES;
				GCC_WARN_ABOUT_RETURN_TYPE = YES_ERROR;
				GCC_WARN_UNDECLARED_SELECTOR = YES;
				GCC_WARN_UNINITIALIZED_AUTOS = YES_AGGRESSIVE;
				GCC_WARN_UNUSED_FUNCTION = YES;
				GCC_WARN_UNUSED_VARIABLE = YES;
				IPHONEOS_DEPLOYMENT_TARGET = 10.3;
				MTL_ENABLE_DEBUG_INFO = YES;
				ONLY_ACTIVE_ARCH = YES;
				SDKROOT = iphoneos;
				SWIFT_ACTIVE_COMPILATION_CONDITIONS = DEBUG;
				SWIFT_OPTIMIZATION_LEVEL = "-Onone";
			};
			name = Debug;
		};
		B8E33F7C1FAB92F200C6616B /* Release */ = {
			isa = XCBuildConfiguration;
			buildSettings = {
				ALWAYS_SEARCH_USER_PATHS = NO;
				CLANG_ANALYZER_NONNULL = YES;
				CLANG_ANALYZER_NUMBER_OBJECT_CONVERSION = YES_AGGRESSIVE;
				CLANG_CXX_LANGUAGE_STANDARD = "gnu++0x";
				CLANG_CXX_LIBRARY = "libc++";
				CLANG_ENABLE_MODULES = YES;
				CLANG_ENABLE_OBJC_ARC = YES;
				CLANG_WARN_BOOL_CONVERSION = YES;
				CLANG_WARN_CONSTANT_CONVERSION = YES;
				CLANG_WARN_DIRECT_OBJC_ISA_USAGE = YES_ERROR;
				CLANG_WARN_DOCUMENTATION_COMMENTS = YES;
				CLANG_WARN_EMPTY_BODY = YES;
				CLANG_WARN_ENUM_CONVERSION = YES;
				CLANG_WARN_INFINITE_RECURSION = YES;
				CLANG_WARN_INT_CONVERSION = YES;
				CLANG_WARN_OBJC_ROOT_CLASS = YES_ERROR;
				CLANG_WARN_SUSPICIOUS_MOVE = YES;
				CLANG_WARN_UNREACHABLE_CODE = YES;
				CLANG_WARN__DUPLICATE_METHOD_MATCH = YES;
				"CODE_SIGN_IDENTITY[sdk=iphoneos*]" = "iPhone Developer";
				COPY_PHASE_STRIP = NO;
				DEBUG_INFORMATION_FORMAT = "dwarf-with-dsym";
				ENABLE_NS_ASSERTIONS = NO;
				ENABLE_STRICT_OBJC_MSGSEND = YES;
				GCC_C_LANGUAGE_STANDARD = gnu99;
				GCC_NO_COMMON_BLOCKS = YES;
				GCC_WARN_64_TO_32_BIT_CONVERSION = YES;
				GCC_WARN_ABOUT_RETURN_TYPE = YES_ERROR;
				GCC_WARN_UNDECLARED_SELECTOR = YES;
				GCC_WARN_UNINITIALIZED_AUTOS = YES_AGGRESSIVE;
				GCC_WARN_UNUSED_FUNCTION = YES;
				GCC_WARN_UNUSED_VARIABLE = YES;
				IPHONEOS_DEPLOYMENT_TARGET = 10.3;
				MTL_ENABLE_DEBUG_INFO = NO;
				SDKROOT = iphoneos;
				SWIFT_OPTIMIZATION_LEVEL = "-Owholemodule";
				VALIDATE_PRODUCT = YES;
			};
			name = Release;
		};
		B8E33F7E1FAB92F200C6616B /* Debug */ = {
			isa = XCBuildConfiguration;
			buildSettings = {
				ASSETCATALOG_COMPILER_APPICON_NAME = AppIcon;
				DEVELOPMENT_TEAM = 3MB236BUTU;
				INFOPLIST_FILE = "Tokopedia Search Filter/Info.plist";
				LD_RUNPATH_SEARCH_PATHS = "$(inherited) @executable_path/Frameworks";
				PRODUCT_BUNDLE_IDENTIFIER = "hansarijanto.Tokopedia-Search-Filter";
				PRODUCT_NAME = "$(TARGET_NAME)";
				SWIFT_VERSION = 3.0;
			};
			name = Debug;
		};
		B8E33F7F1FAB92F200C6616B /* Release */ = {
			isa = XCBuildConfiguration;
			buildSettings = {
				ASSETCATALOG_COMPILER_APPICON_NAME = AppIcon;
				DEVELOPMENT_TEAM = 3MB236BUTU;
				INFOPLIST_FILE = "Tokopedia Search Filter/Info.plist";
				LD_RUNPATH_SEARCH_PATHS = "$(inherited) @executable_path/Frameworks";
				PRODUCT_BUNDLE_IDENTIFIER = "hansarijanto.Tokopedia-Search-Filter";
				PRODUCT_NAME = "$(TARGET_NAME)";
				SWIFT_VERSION = 3.0;
			};
			name = Release;
		};
		B8E33F811FAB92F200C6616B /* Debug */ = {
			isa = XCBuildConfiguration;
			buildSettings = {
				ALWAYS_EMBED_SWIFT_STANDARD_LIBRARIES = YES;
				BUNDLE_LOADER = "$(TEST_HOST)";
				DEVELOPMENT_TEAM = 3MB236BUTU;
				INFOPLIST_FILE = "Tokopedia Search FilterTests/Info.plist";
				LD_RUNPATH_SEARCH_PATHS = "$(inherited) @executable_path/Frameworks @loader_path/Frameworks";
				PRODUCT_BUNDLE_IDENTIFIER = "hansarijanto.Tokopedia-Search-FilterTests";
				PRODUCT_NAME = "$(TARGET_NAME)";
				SWIFT_VERSION = 3.0;
				TEST_HOST = "$(BUILT_PRODUCTS_DIR)/Tokopedia Search Filter.app/Tokopedia Search Filter";
			};
			name = Debug;
		};
		B8E33F821FAB92F200C6616B /* Release */ = {
			isa = XCBuildConfiguration;
			buildSettings = {
				ALWAYS_EMBED_SWIFT_STANDARD_LIBRARIES = YES;
				BUNDLE_LOADER = "$(TEST_HOST)";
				DEVELOPMENT_TEAM = 3MB236BUTU;
				INFOPLIST_FILE = "Tokopedia Search FilterTests/Info.plist";
				LD_RUNPATH_SEARCH_PATHS = "$(inherited) @executable_path/Frameworks @loader_path/Frameworks";
				PRODUCT_BUNDLE_IDENTIFIER = "hansarijanto.Tokopedia-Search-FilterTests";
				PRODUCT_NAME = "$(TARGET_NAME)";
				SWIFT_VERSION = 3.0;
				TEST_HOST = "$(BUILT_PRODUCTS_DIR)/Tokopedia Search Filter.app/Tokopedia Search Filter";
			};
			name = Release;
		};
		B8E33F841FAB92F200C6616B /* Debug */ = {
			isa = XCBuildConfiguration;
			buildSettings = {
				ALWAYS_EMBED_SWIFT_STANDARD_LIBRARIES = YES;
				DEVELOPMENT_TEAM = 3MB236BUTU;
				INFOPLIST_FILE = "Tokopedia Search FilterUITests/Info.plist";
				LD_RUNPATH_SEARCH_PATHS = "$(inherited) @executable_path/Frameworks @loader_path/Frameworks";
				PRODUCT_BUNDLE_IDENTIFIER = "hansarijanto.Tokopedia-Search-FilterUITests";
				PRODUCT_NAME = "$(TARGET_NAME)";
				SWIFT_VERSION = 3.0;
				TEST_TARGET_NAME = "Tokopedia Search Filter";
			};
			name = Debug;
		};
		B8E33F851FAB92F200C6616B /* Release */ = {
			isa = XCBuildConfiguration;
			buildSettings = {
				ALWAYS_EMBED_SWIFT_STANDARD_LIBRARIES = YES;
				DEVELOPMENT_TEAM = 3MB236BUTU;
				INFOPLIST_FILE = "Tokopedia Search FilterUITests/Info.plist";
				LD_RUNPATH_SEARCH_PATHS = "$(inherited) @executable_path/Frameworks @loader_path/Frameworks";
				PRODUCT_BUNDLE_IDENTIFIER = "hansarijanto.Tokopedia-Search-FilterUITests";
				PRODUCT_NAME = "$(TARGET_NAME)";
				SWIFT_VERSION = 3.0;
				TEST_TARGET_NAME = "Tokopedia Search Filter";
			};
			name = Release;
		};
/* End XCBuildConfiguration section */

/* Begin XCConfigurationList section */
		B8E33F501FAB92F200C6616B /* Build configuration list for PBXProject "Tokopedia Search Filter" */ = {
			isa = XCConfigurationList;
			buildConfigurations = (
				B8E33F7B1FAB92F200C6616B /* Debug */,
				B8E33F7C1FAB92F200C6616B /* Release */,
			);
			defaultConfigurationIsVisible = 0;
			defaultConfigurationName = Release;
		};
		B8E33F7D1FAB92F200C6616B /* Build configuration list for PBXNativeTarget "Tokopedia Search Filter" */ = {
			isa = XCConfigurationList;
			buildConfigurations = (
				B8E33F7E1FAB92F200C6616B /* Debug */,
				B8E33F7F1FAB92F200C6616B /* Release */,
			);
			defaultConfigurationIsVisible = 0;
		};
		B8E33F801FAB92F200C6616B /* Build configuration list for PBXNativeTarget "Tokopedia Search FilterTests" */ = {
			isa = XCConfigurationList;
			buildConfigurations = (
				B8E33F811FAB92F200C6616B /* Debug */,
				B8E33F821FAB92F200C6616B /* Release */,
			);
			defaultConfigurationIsVisible = 0;
		};
		B8E33F831FAB92F200C6616B /* Build configuration list for PBXNativeTarget "Tokopedia Search FilterUITests" */ = {
			isa = XCConfigurationList;
			buildConfigurations = (
				B8E33F841FAB92F200C6616B /* Debug */,
				B8E33F851FAB92F200C6616B /* Release */,
			);
			defaultConfigurationIsVisible = 0;
		};
/* End XCConfigurationList section */
	};
	rootObject = B8E33F4D1FAB92F200C6616B /* Project object */;
}
